
Microsoft Visual Studio Solution File, Format Version 12.00
# Visual Studio 15
Project("{FAE04EC0-301F-11D3-BF4B-00C04F79EFBC}") = "BOTM", "Assembly-CSharp.csproj", "{29A0D6FD-BE6C-0CCA-E936-CA2268B7EF55}"
EndProject
Global
	GlobalSection(SolutionConfigurationPlatforms) = preSolution
		Debug|Any CPU = Debug|Any CPU
		Release|Any CPU = Release|Any CPU
	EndGlobalSection
	GlobalSection(ProjectConfigurationPlatforms) = postSolution
		{29A0D6FD-BE6C-0CCA-E936-CA2268B7EF55}.Debug|Any CPU.ActiveCfg = Debug|Any CPU
		{29A0D6FD-BE6C-0CCA-E936-CA2268B7EF55}.Debug|Any CPU.Build.0 = Debug|Any CPU
		{29A0D6FD-BE6C-0CCA-E936-CA2268B7EF55}.Release|Any CPU.ActiveCfg = Release|Any CPU
		{29A0D6FD-BE6C-0CCA-E936-CA2268B7EF55}.Release|Any CPU.Build.0 = Release|Any CPU
	EndGlobalSection
	GlobalSection(SolutionProperties) = preSolution
		HideSolutionNode = FALSE
	EndGlobalSection
EndGlobal
